{
  "name": "todomvc",
  "version": "0.0.1",
  "lockfileVersion": 3,
  "requires": true,
  "packages": {
    "": {
      "name": "todomvc",
      "version": "0.0.1",
      "dependencies": {
        "classnames": "^2.2.5",
        "lodash": "^4.17.21",
        "prop-types": "^15.6.1",
        "react": "^16.8.1",
        "react-dom": "^16.8.1",
        "react-redux": "^5.0.7",
        "redux": "^3.5.2",
        "reselect": "^3.0.1",
        "todomvc-app-css": "^2.1.1"
      },
      "devDependencies": {
        "react-scripts": "^0.0.0",
        "react-test-renderer": "^16.3.1"
      }
    },
    "node_modules/@babel/runtime": {
      "version": "7.28.4",
      "resolved": "https://registry.npmjs.org/@babel/runtime/-/runtime-7.28.4.tgz",
      "integrity": "sha512-Q/N6JNWvIvPnLDvjlE1OUBLPQHH6l3CltCEsHIujp45zQUSSh8K+gHnaEX45yAT1nyngnINhvWtzN+Nb9D8RAQ==",
      "license": "MIT",
      "engines": {
        "node": ">=6.9.0"
      }
    },
    "node_modules/classnames": {
      "version": "2.5.1",
      "resolved": "https://registry.npmjs.org/classnames/-/classnames-2.5.1.tgz",
      "integrity": "sha512-saHYOzhIQs6wy2sVxTM6bUDsQO4F50V9RQ22qBpEdCW+I+/Wmke2HOl6lS6dTpdxVhb88/I6+Hs+438c3lfUow==",
      "license": "MIT"
    },
    "node_modules/hoist-non-react-statics": {
      "version": "3.3.2",
      "resolved": "https://registry.npmjs.org/hoist-non-react-statics/-/hoist-non-react-statics-3.3.2.tgz",
      "integrity": "sha512-/gGivxi8JPKWNm/W0jSmzcMPpfpPLc3dY/6GxhX2hQ9iGj3aDfklV4ET7NjKpSinLpJ5vafa9iiGIEZg10SfBw==",
      "license": "BSD-3-Clause",
      "dependencies": {
        "react-is": "^16.7.0"
      }
    },
    "node_modules/invariant": {
      "version": "2.2.4",
      "resolved": "https://registry.npmjs.org/invariant/-/invariant-2.2.4.tgz",
      "integrity": "sha512-phJfQVBuaJM5raOpJjSfkiD6BpbCE4Ns//LaXl6wGYtUBY83nWS6Rf9tXm2e8VaK60JEjYldbPif/A2B1C2gNA==",
      "license": "MIT",
      "dependencies": {
        "loose-envify": "^1.0.0"
      }
    },
    "node_modules/js-tokens": {
      "version": "4.0.0",
      "resolved": "https://registry.npmjs.org/js-tokens/-/js-tokens-4.0.0.tgz",
      "integrity": "sha512-RdJUflcE3cUzKiMqQgsCu06FPu9UdIJO0beYbPhHN4k6apgJtifcoCtT9bcxOpYBtpD2kCM6Sbzg4CausW/PKQ==",
      "license": "MIT"
    },
    "node_modules/lodash": {
      "version": "4.17.21",
      "resolved": "https://registry.npmjs.org/lodash/-/lodash-4.17.21.tgz",
      "integrity": "sha512-v2kDEe57lecTulaDIuNTPy3Ry4gLGJ6Z1O3vE1krgXZNrsQ+LFTGHVxVjcXPs17LhbZVGedAJv8XZ1tvj5FvSg==",
      "license": "MIT"
    },
    "node_modules/lodash-es": {
      "version": "4.17.22",
      "resolved": "https://registry.npmjs.org/lodash-es/-/lodash-es-4.17.22.tgz",
      "integrity": "sha512-XEawp1t0gxSi9x01glktRZ5HDy0HXqrM0x5pXQM98EaI0NxO6jVM7omDOxsuEo5UIASAnm2bRp1Jt/e0a2XU8Q==",
      "license": "MIT"
    },
    "node_modules/loose-envify": {
      "version": "1.4.0",
      "resolved": "https://registry.npmjs.org/loose-envify/-/loose-envify-1.4.0.tgz",
      "integrity": "sha512-lyuxPGr/Wfhrlem2CL/UcnUc1zcqKAImBDzukY7Y5F/yQiNdko6+fRLevlw1HgMySw7f611UIY408EtxRSoK3Q==",
      "license": "MIT",
      "dependencies": {
        "js-tokens": "^3.0.0 || ^4.0.0"
      },
      "bin": {
        "loose-envify": "cli.js"
      }
    },
    "node_modules/object-assign": {
      "version": "4.1.1",
      "resolved": "https://registry.npmjs.org/object-assign/-/object-assign-4.1.1.tgz",
      "integrity": "sha512-rJgTQnkUnH1sFw8yT6VSU3zD3sWmu6sZhIseY8VX+GRu3P6F7Fu+JNDoXfklElbLJSnc3FUQHVe4cU5hj+BcUg==",
      "license": "MIT",
      "engines": {
        "node": ">=0.10.0"
      }
    },
    "node_modules/prop-types": {
      "version": "15.8.1",
      "resolved": "https://registry.npmjs.org/prop-types/-/prop-types-15.8.1.tgz",
      "integrity": "sha512-oj87CgZICdulUohogVAR7AjlC0327U4el4L6eAvOqCeudMDVU0NThNaV+b9Df4dXgSP1gXMTnPdhfe/2qDH5cg==",
      "license": "MIT",
      "dependencies": {
        "loose-envify": "^1.4.0",
        "object-assign": "^4.1.1",
        "react-is": "^16.13.1"
      }
    },
    "node_modules/react": {
      "version": "16.14.0",
      "resolved": "https://registry.npmjs.org/react/-/react-16.14.0.tgz",
      "integrity": "sha512-0X2CImDkJGApiAlcf0ODKIneSwBPhqJawOa5wCtKbu7ZECrmS26NvtSILynQ66cgkT/RJ4LidJOc3bUESwmU8g==",
      "license": "MIT",
      "dependencies": {
        "loose-envify": "^1.1.0",
        "object-assign": "^4.1.1",
        "prop-types": "^15.6.2"
      },
      "engines": {
        "node": ">=0.10.0"
      }
    },
    "node_modules/react-dom": {
      "version": "16.14.0",
      "resolved": "https://registry.npmjs.org/react-dom/-/react-dom-16.14.0.tgz",
      "integrity": "sha512-1gCeQXDLoIqMgqD3IO2Ah9bnf0w9kzhwN5q4FGnHZ67hBm9yePzB5JJAIQCc8x3pFnNlwFq4RidZggNAAkzWWw==",
      "license": "MIT",
      "dependencies": {
        "loose-envify": "^1.1.0",
        "object-assign": "^4.1.1",
        "prop-types": "^15.6.2",
        "scheduler": "^0.19.1"
      },
      "peerDependencies": {
        "react": "^16.14.0"
      }
    },
    "node_modules/react-is": {
      "version": "16.13.1",
      "resolved": "https://registry.npmjs.org/react-is/-/react-is-16.13.1.tgz",
      "integrity": "sha512-24e6ynE2H+OKt4kqsOvNd8kBpV65zoxbA4BVsEOB3ARVWQki/DHzaUoC5KuON/BiccDaCCTZBuOcfZs70kR8bQ==",
      "license": "MIT"
    },
    "node_modules/react-lifecycles-compat": {
      "version": "3.0.4",
      "resolved": "https://registry.npmjs.org/react-lifecycles-compat/-/react-lifecycles-compat-3.0.4.tgz",
      "integrity": "sha512-fBASbA6LnOU9dOU2eW7aQ8xmYBSXUIWr+UmF9b1efZBazGNO+rcXT/icdKnYm2pTwcRylVUYwW7H1PHfLekVzA==",
      "license": "MIT"
    },
    "node_modules/react-redux": {
      "version": "5.1.2",
      "resolved": "https://registry.npmjs.org/react-redux/-/react-redux-5.1.2.tgz",
      "integrity": "sha512-Ns1G0XXc8hDyH/OcBHOxNgQx9ayH3SPxBnFCOidGKSle8pKihysQw2rG/PmciUQRoclhVBO8HMhiRmGXnDja9Q==",
      "license": "MIT",
      "dependencies": {
        "@babel/runtime": "^7.1.2",
        "hoist-non-react-statics": "^3.3.0",
        "invariant": "^2.2.4",
        "loose-envify": "^1.1.0",
        "prop-types": "^15.6.1",
        "react-is": "^16.6.0",
        "react-lifecycles-compat": "^3.0.0"
      },
      "peerDependencies": {
        "react": "^0.14.0 || ^15.0.0-0 || ^16.0.0-0",
        "redux": "^2.0.0 || ^3.0.0 || ^4.0.0-0"
      }
    },
    "node_modules/react-scripts": {
      "version": "0.0.0",
      "resolved": "https://registry.npmjs.org/react-scripts/-/react-scripts-0.0.0.tgz",
      "integrity": "sha512-W7cVfdhbIvYrTjVaryO7WCpvzODu8V7JH/1O36RcfuzP3Cxjp5WpX5ycaoGt0LSQpntrem5jFSUoJrtvru1reA==",
      "dev": true
    },
    "node_modules/react-test-renderer": {
      "version": "16.14.0",
      "resolved": "https://registry.npmjs.org/react-test-renderer/-/react-test-renderer-16.14.0.tgz",
      "integrity": "sha512-L8yPjqPE5CZO6rKsKXRO/rVPiaCOy0tQQJbC+UjPNlobl5mad59lvPjwFsQHTvL03caVDIVr9x9/OSgDe6I5Eg==",
      "dev": true,
      "license": "MIT",
      "dependencies": {
        "object-assign": "^4.1.1",
        "prop-types": "^15.6.2",
        "react-is": "^16.8.6",
        "scheduler": "^0.19.1"
      },
      "peerDependencies": {
        "react": "^16.14.0"
      }
    },
    "node_modules/redux": {
      "version": "3.7.2",
      "resolved": "https://registry.npmjs.org/redux/-/redux-3.7.2.tgz",
      "integrity": "sha512-pNqnf9q1hI5HHZRBkj3bAngGZW/JMCmexDlOxw4XagXY2o1327nHH54LoTjiPJ0gizoqPDRqWyX/00g0hD6w+A==",
      "license": "MIT",
      "dependencies": {
        "lodash": "^4.2.1",
        "lodash-es": "^4.2.1",
        "loose-envify": "^1.1.0",
        "symbol-observable": "^1.0.3"
      }
    },
    "node_modules/reselect": {
      "version": "3.0.1",
      "resolved": "https://registry.npmjs.org/reselect/-/reselect-3.0.1.tgz",
      "integrity": "sha512-b/6tFZCmRhtBMa4xGqiiRp9jh9Aqi2A687Lo265cN0/QohJQEBPiQ52f4QB6i0eF3yp3hmLL21LSGBcML2dlxA==",
      "license": "MIT"
    },
    "node_modules/scheduler": {
      "version": "0.19.1",
      "resolved": "https://registry.npmjs.org/scheduler/-/scheduler-0.19.1.tgz",
      "integrity": "sha512-n/zwRWRYSUj0/3g/otKDRPMh6qv2SYMWNq85IEa8iZyAv8od9zDYpGSnpBEjNgcMNq6Scbu5KfIPxNF72R/2EA==",
      "license": "MIT",
      "dependencies": {
        "loose-envify": "^1.1.0",
        "object-assign": "^4.1.1"
      }
    },
    "node_modules/symbol-observable": {
      "version": "1.2.0",
      "resolved": "https://registry.npmjs.org/symbol-observable/-/symbol-observable-1.2.0.tgz",
      "integrity": "sha512-e900nM8RRtGhlV36KGEU9k65K3mPb1WV70OdjfxlG2EAuM1noi/E/BaW/uMhL7bPEssK8QV57vN3esixjUvcXQ==",
      "license": "MIT",
      "engines": {
        "node": ">=0.10.0"
      }
    },
    "node_modules/todomvc-app-css": {
      "version": "2.4.3",
      "resolved": "https://registry.npmjs.org/todomvc-app-css/-/todomvc-app-css-2.4.3.tgz",
      "integrity": "sha512-mSnWZaKBWj9aQcFRsGguY/a8O8NR8GmecD48yU1rzwNemgZa/INLpIsxxMiToFGVth+uEKBrQ7IhWkaXZxwq5Q==",
      "license": "CC-BY-4.0",
      "engines": {
        "node": ">=4"
      }
    }
  }
}
